
Microsoft Visual Studio Solution File, Format Version 12.00
# Visual Studio Version 17
VisualStudioVersion = 17.11.35219.272
MinimumVisualStudioVersion = 10.0.40219.1
Project("{9A19103F-16F7-4668-BE54-9A1E7A4F7556}") = "ImageProcessor.Api", "ImageProcessor.Api\ImageProcessor.Api.csproj", "{438BABEB-8C9F-41A6-85A4-5DC74A1BAE95}"
EndProject
Project("{E53339B2-1760-4266-BCC7-CA923CBCF16C}") = "docker-compose", "docker-compose.dcproj", "{721178B8-19AE-4975-9C6D-A745F16C354A}"
EndProject
Project("{FAE04EC0-301F-11D3-BF4B-00C04F79EFBC}") = "ImageProcessor.Tests", "ImageProcessor.Tests\ImageProcessor.Tests.csproj", "{E1B707BD-83FF-4380-B6D9-EFAD83DB93C4}"
	ProjectSection(ProjectDependencies) = postProject
		{438BABEB-8C9F-41A6-85A4-5DC74A1BAE95} = {438BABEB-8C9F-41A6-85A4-5DC74A1BAE95}
	EndProjectSection
EndProject
Global
	GlobalSection(SolutionConfigurationPlatforms) = preSolution
		Debug|Any CPU = Debug|Any CPU
		Release|Any CPU = Release|Any CPU
	EndGlobalSection
	GlobalSection(ProjectConfigurationPlatforms) = postSolution
		{438BABEB-8C9F-41A6-85A4-5DC74A1BAE95}.Debug|Any CPU.ActiveCfg = Debug|Any CPU
		{438BABEB-8C9F-41A6-85A4-5DC74A1BAE95}.Debug|Any CPU.Build.0 = Debug|Any CPU
		{438BABEB-8C9F-41A6-85A4-5DC74A1BAE95}.Release|Any CPU.ActiveCfg = Release|Any CPU
		{438BABEB-8C9F-41A6-85A4-5DC74A1BAE95}.Release|Any CPU.Build.0 = Release|Any CPU
		{721178B8-19AE-4975-9C6D-A745F16C354A}.Debug|Any CPU.ActiveCfg = Debug|Any CPU
		{721178B8-19AE-4975-9C6D-A745F16C354A}.Debug|Any CPU.Build.0 = Debug|Any CPU
		{721178B8-19AE-4975-9C6D-A745F16C354A}.Release|Any CPU.ActiveCfg = Release|Any CPU
		{721178B8-19AE-4975-9C6D-A745F16C354A}.Release|Any CPU.Build.0 = Release|Any CPU
		{E1B707BD-83FF-4380-B6D9-EFAD83DB93C4}.Debug|Any CPU.ActiveCfg = Debug|Any CPU
		{E1B707BD-83FF-4380-B6D9-EFAD83DB93C4}.Debug|Any CPU.Build.0 = Debug|Any CPU
		{E1B707BD-83FF-4380-B6D9-EFAD83DB93C4}.Release|Any CPU.ActiveCfg = Release|Any CPU
		{E1B707BD-83FF-4380-B6D9-EFAD83DB93C4}.Release|Any CPU.Build.0 = Release|Any CPU
	EndGlobalSection
	GlobalSection(SolutionProperties) = preSolution
		HideSolutionNode = FALSE
	EndGlobalSection
	GlobalSection(ExtensibilityGlobals) = postSolution
		SolutionGuid = {1262B0B7-1934-47C7-AF0F-42E978FF567B}
	EndGlobalSection
EndGlobal
